
Microsoft Visual Studio Solution File, Format Version 11.00
# Visual Studio 2010
Project("{FAE04EC0-301F-11D3-BF4B-00C04F79EFBC}") = "KnygaTaranCrypto", "KnygaTaranCrypto\KnygaTaranCrypto.csproj", "{FF88A4AD-91AA-487C-BA48-DB5DFA27999F}"
EndProject
Project("{FAE04EC0-301F-11D3-BF4B-00C04F79EFBC}") = "DebugMe", "DebugMe\DebugMe.csproj", "{2A09069C-6A18-4513-993A-2EBC5C32B89A}"
EndProject
Project("{FAE04EC0-301F-11D3-BF4B-00C04F79EFBC}") = "KnygaTaranCryptoLib", "KnygaTaranCryptoLib\KnygaTaranCryptoLib.csproj", "{36D5048D-6447-4E83-BAD6-240470F0B461}"
EndProject
Global
	GlobalSection(SolutionConfigurationPlatforms) = preSolution
		Debug|Any CPU = Debug|Any CPU
		Debug|Mixed Platforms = Debug|Mixed Platforms
		Debug|x86 = Debug|x86
		Release|Any CPU = Release|Any CPU
		Release|Mixed Platforms = Release|Mixed Platforms
		Release|x86 = Release|x86
	EndGlobalSection
	GlobalSection(ProjectConfigurationPlatforms) = postSolution
		{FF88A4AD-91AA-487C-BA48-DB5DFA27999F}.Debug|Any CPU.ActiveCfg = Debug|x86
		{FF88A4AD-91AA-487C-BA48-DB5DFA27999F}.Debug|Mixed Platforms.ActiveCfg = Debug|x86
		{FF88A4AD-91AA-487C-BA48-DB5DFA27999F}.Debug|Mixed Platforms.Build.0 = Debug|x86
		{FF88A4AD-91AA-487C-BA48-DB5DFA27999F}.Debug|x86.ActiveCfg = Debug|x86
		{FF88A4AD-91AA-487C-BA48-DB5DFA27999F}.Debug|x86.Build.0 = Debug|x86
		{FF88A4AD-91AA-487C-BA48-DB5DFA27999F}.Release|Any CPU.ActiveCfg = Release|x86
		{FF88A4AD-91AA-487C-BA48-DB5DFA27999F}.Release|Mixed Platforms.ActiveCfg = Release|x86
		{FF88A4AD-91AA-487C-BA48-DB5DFA27999F}.Release|Mixed Platforms.Build.0 = Release|x86
		{FF88A4AD-91AA-487C-BA48-DB5DFA27999F}.Release|x86.ActiveCfg = Release|x86
		{FF88A4AD-91AA-487C-BA48-DB5DFA27999F}.Release|x86.Build.0 = Release|x86
		{2A09069C-6A18-4513-993A-2EBC5C32B89A}.Debug|Any CPU.ActiveCfg = Debug|x86
		{2A09069C-6A18-4513-993A-2EBC5C32B89A}.Debug|Mixed Platforms.ActiveCfg = Debug|x86
		{2A09069C-6A18-4513-993A-2EBC5C32B89A}.Debug|Mixed Platforms.Build.0 = Debug|x86
		{2A09069C-6A18-4513-993A-2EBC5C32B89A}.Debug|x86.ActiveCfg = Debug|x86
		{2A09069C-6A18-4513-993A-2EBC5C32B89A}.Debug|x86.Build.0 = Debug|x86
		{2A09069C-6A18-4513-993A-2EBC5C32B89A}.Release|Any CPU.ActiveCfg = Release|x86
		{2A09069C-6A18-4513-993A-2EBC5C32B89A}.Release|Mixed Platforms.ActiveCfg = Release|x86
		{2A09069C-6A18-4513-993A-2EBC5C32B89A}.Release|Mixed Platforms.Build.0 = Release|x86
		{2A09069C-6A18-4513-993A-2EBC5C32B89A}.Release|x86.ActiveCfg = Release|x86
		{2A09069C-6A18-4513-993A-2EBC5C32B89A}.Release|x86.Build.0 = Release|x86
		{36D5048D-6447-4E83-BAD6-240470F0B461}.Debug|Any CPU.ActiveCfg = Debug|Any CPU
		{36D5048D-6447-4E83-BAD6-240470F0B461}.Debug|Any CPU.Build.0 = Debug|Any CPU
		{36D5048D-6447-4E83-BAD6-240470F0B461}.Debug|Mixed Platforms.ActiveCfg = Debug|Any CPU
		{36D5048D-6447-4E83-BAD6-240470F0B461}.Debug|Mixed Platforms.Build.0 = Debug|Any CPU
		{36D5048D-6447-4E83-BAD6-240470F0B461}.Debug|x86.ActiveCfg = Debug|Any CPU
		{36D5048D-6447-4E83-BAD6-240470F0B461}.Release|Any CPU.ActiveCfg = Release|Any CPU
		{36D5048D-6447-4E83-BAD6-240470F0B461}.Release|Any CPU.Build.0 = Release|Any CPU
		{36D5048D-6447-4E83-BAD6-240470F0B461}.Release|Mixed Platforms.ActiveCfg = Release|Any CPU
		{36D5048D-6447-4E83-BAD6-240470F0B461}.Release|Mixed Platforms.Build.0 = Release|Any CPU
		{36D5048D-6447-4E83-BAD6-240470F0B461}.Release|x86.ActiveCfg = Release|Any CPU
	EndGlobalSection
	GlobalSection(SolutionProperties) = preSolution
		HideSolutionNode = FALSE
	EndGlobalSection
EndGlobal
